
Microsoft Visual Studio Solution File, Format Version 12.00
# Visual Studio Version 17
VisualStudioVersion = 17.7.34024.191
MinimumVisualStudioVersion = 10.0.40219.1
Project("{FAE04EC0-301F-11D3-BF4B-00C04F79EFBC}") = "Week9Lists", "Week9Lists\Week9Lists.csproj", "{A81B2FE9-B41C-4593-80F1-3804054ED11C}"
EndProject
Global
	GlobalSection(SolutionConfigurationPlatforms) = preSolution
		Debug|Any CPU = Debug|Any CPU
		Release|Any CPU = Release|Any CPU
	EndGlobalSection
	GlobalSection(ProjectConfigurationPlatforms) = postSolution
		{A81B2FE9-B41C-4593-80F1-3804054ED11C}.Debug|Any CPU.ActiveCfg = Debug|Any CPU
		{A81B2FE9-B41C-4593-80F1-3804054ED11C}.Debug|Any CPU.Build.0 = Debug|Any CPU
		{A81B2FE9-B41C-4593-80F1-3804054ED11C}.Release|Any CPU.ActiveCfg = Release|Any CPU
		{A81B2FE9-B41C-4593-80F1-3804054ED11C}.Release|Any CPU.Build.0 = Release|Any CPU
	EndGlobalSection
	GlobalSection(SolutionProperties) = preSolution
		HideSolutionNode = FALSE
	EndGlobalSection
	GlobalSection(ExtensibilityGlobals) = postSolution
		SolutionGuid = {82896326-B9B6-4A51-9EA2-7E55CB86C13A}
	EndGlobalSection
EndGlobal
